
Microsoft Visual Studio Solution File, Format Version 12.00
# Visual Studio Version 16
VisualStudioVersion = 16.0.30309.148
MinimumVisualStudioVersion = 10.0.40219.1
Project("{FAE04EC0-301F-11D3-BF4B-00C04F79EFBC}") = "MVC_Store", "MVC_Store.csproj", "{ED1E1C7F-DA00-437F-9360-325B26EEF05A}"
EndProject
Project("{FAE04EC0-301F-11D3-BF4B-00C04F79EFBC}") = "MVC_Store.Tests", "..\MVC_Store.Tests\MVC_Store.Tests.csproj", "{A2025F21-9FB7-4125-B2A2-6694825507FB}"
EndProject
Global
	GlobalSection(SolutionConfigurationPlatforms) = preSolution
		Debug|Any CPU = Debug|Any CPU
		Release|Any CPU = Release|Any CPU
	EndGlobalSection
	GlobalSection(ProjectConfigurationPlatforms) = postSolution
		{ED1E1C7F-DA00-437F-9360-325B26EEF05A}.Debug|Any CPU.ActiveCfg = Debug|Any CPU
		{ED1E1C7F-DA00-437F-9360-325B26EEF05A}.Debug|Any CPU.Build.0 = Debug|Any CPU
		{ED1E1C7F-DA00-437F-9360-325B26EEF05A}.Release|Any CPU.ActiveCfg = Release|Any CPU
		{ED1E1C7F-DA00-437F-9360-325B26EEF05A}.Release|Any CPU.Build.0 = Release|Any CPU
		{A2025F21-9FB7-4125-B2A2-6694825507FB}.Debug|Any CPU.ActiveCfg = Debug|Any CPU
		{A2025F21-9FB7-4125-B2A2-6694825507FB}.Debug|Any CPU.Build.0 = Debug|Any CPU
		{A2025F21-9FB7-4125-B2A2-6694825507FB}.Release|Any CPU.ActiveCfg = Release|Any CPU
		{A2025F21-9FB7-4125-B2A2-6694825507FB}.Release|Any CPU.Build.0 = Release|Any CPU
	EndGlobalSection
	GlobalSection(SolutionProperties) = preSolution
		HideSolutionNode = FALSE
	EndGlobalSection
	GlobalSection(ExtensibilityGlobals) = postSolution
		SolutionGuid = {342FF14C-C01E-461E-BE80-93C04538F552}
	EndGlobalSection
EndGlobal
